
Microsoft Visual Studio Solution File, Format Version 12.00
# Visual Studio Version 17
VisualStudioVersion = 17.10.35027.167
MinimumVisualStudioVersion = 10.0.40219.1
Project("{FAE04EC0-301F-11D3-BF4B-00C04F79EFBC}") = "SimpleConsoleApp_JenkinsDemo", "SimpleConsoleApp_JenkinsDemo\SimpleConsoleApp_JenkinsDemo.csproj", "{F2683913-6B1B-4F92-8B9F-5C532CF9999E}"
EndProject
Global
	GlobalSection(SolutionConfigurationPlatforms) = preSolution
		Debug|Any CPU = Debug|Any CPU
		Release|Any CPU = Release|Any CPU
	EndGlobalSection
	GlobalSection(ProjectConfigurationPlatforms) = postSolution
		{F2683913-6B1B-4F92-8B9F-5C532CF9999E}.Debug|Any CPU.ActiveCfg = Debug|Any CPU
		{F2683913-6B1B-4F92-8B9F-5C532CF9999E}.Debug|Any CPU.Build.0 = Debug|Any CPU
		{F2683913-6B1B-4F92-8B9F-5C532CF9999E}.Release|Any CPU.ActiveCfg = Release|Any CPU
		{F2683913-6B1B-4F92-8B9F-5C532CF9999E}.Release|Any CPU.Build.0 = Release|Any CPU
	EndGlobalSection
	GlobalSection(SolutionProperties) = preSolution
		HideSolutionNode = FALSE
	EndGlobalSection
	GlobalSection(ExtensibilityGlobals) = postSolution
		SolutionGuid = {018D2480-FD26-4D75-B3ED-BAB24D93E38B}
	EndGlobalSection
EndGlobal
